// !$*UTF8*$!
{
	archiveVersion = 1;
	classes = {
	};
	objectVersion = 46;
	objects = {

/* Begin PBXBuildFile section */
		05254BD01FB3FC0800E803CD /* Bugs.pdf in Resources */ = {isa = PBXBuildFile; fileRef = 05254BCF1FB3FC0800E803CD /* Bugs.pdf */; };
		0542E1C41FB29BE4006DE1EC /* FeedViewTableViewCell.swift in Sources */ = {isa = PBXBuildFile; fileRef = 0542E1C31FB29BE4006DE1EC /* FeedViewTableViewCell.swift */; };
		0566FBA71FCF7E5D0048AE6A /* TweetDetailViewController.swift in Sources */ = {isa = PBXBuildFile; fileRef = 0566FBA61FCF7E5D0048AE6A /* TweetDetailViewController.swift */; };
		056A62741FC3CC5600A73C2F /* ProfileView.swift in Sources */ = {isa = PBXBuildFile; fileRef = 056A62731FC3CC5600A73C2F /* ProfileView.swift */; };
		0572AEED1FB54D60007ED4AA /* ProfileViewController.swift in Sources */ = {isa = PBXBuildFile; fileRef = 0572AEEC1FB54D60007ED4AA /* ProfileViewController.swift */; };
		1F5A58F81FA8F03B0065A8C5 /* AppDelegate.swift in Sources */ = {isa = PBXBuildFile; fileRef = 1F5A58F71FA8F03B0065A8C5 /* AppDelegate.swift */; };
		1F5A58FD1FA8F03B0065A8C5 /* Main.storyboard in Resources */ = {isa = PBXBuildFile; fileRef = 1F5A58FB1FA8F03B0065A8C5 /* Main.storyboard */; };
		1F5A58FF1FA8F03B0065A8C5 /* Assets.xcassets in Resources */ = {isa = PBXBuildFile; fileRef = 1F5A58FE1FA8F03B0065A8C5 /* Assets.xcassets */; };
		1F5A59021FA8F03C0065A8C5 /* LaunchScreen.storyboard in Resources */ = {isa = PBXBuildFile; fileRef = 1F5A59001FA8F03C0065A8C5 /* LaunchScreen.storyboard */; };
		1F5A590D1FA8F03D0065A8C5 /* TwitterMeTests.swift in Sources */ = {isa = PBXBuildFile; fileRef = 1F5A590C1FA8F03D0065A8C5 /* TwitterMeTests.swift */; };
		1F5A591B1FA8F3DD0065A8C5 /* TwitterClient.swift in Sources */ = {isa = PBXBuildFile; fileRef = 1F5A591A1FA8F3DD0065A8C5 /* TwitterClient.swift */; };
		1F5A591D1FA8F45D0065A8C5 /* Podfile in Resources */ = {isa = PBXBuildFile; fileRef = 1F5A591C1FA8F45D0065A8C5 /* Podfile */; };
		1F5A591F1FA8F6B10065A8C5 /* LoginViewController.swift in Sources */ = {isa = PBXBuildFile; fileRef = 1F5A591E1FA8F6B10065A8C5 /* LoginViewController.swift */; };
		1F5A59231FAA33A30065A8C5 /* User.swift in Sources */ = {isa = PBXBuildFile; fileRef = 1F5A59221FAA33A30065A8C5 /* User.swift */; };
		1F5A59251FAA33B30065A8C5 /* Tweet.swift in Sources */ = {isa = PBXBuildFile; fileRef = 1F5A59241FAA33B30065A8C5 /* Tweet.swift */; };
		1FC71B371FB16F2B00D94696 /* FeedViewController.swift in Sources */ = {isa = PBXBuildFile; fileRef = 1FC71B361FB16F2B00D94696 /* FeedViewController.swift */; };
		1FE8E5CD1FEE052A00B6432B /* AccountChooserViewController.swift in Sources */ = {isa = PBXBuildFile; fileRef = 1FE8E5CC1FEE052A00B6432B /* AccountChooserViewController.swift */; };
		1FE8E5CF1FEE204200B6432B /* LogoutViewController.swift in Sources */ = {isa = PBXBuildFile; fileRef = 1FE8E5CE1FEE204200B6432B /* LogoutViewController.swift */; };
		2C0135241FE6F1F0008722D6 /* ComposeTweetViewController.swift in Sources */ = {isa = PBXBuildFile; fileRef = 2C0135231FE6F1F0008722D6 /* ComposeTweetViewController.swift */; };
		2C0135601FE82DFB008722D6 /* MenuBarContainerViewController.swift in Sources */ = {isa = PBXBuildFile; fileRef = 2C01355F1FE82DFB008722D6 /* MenuBarContainerViewController.swift */; };
		2C050B531FE858E100853E49 /* CentralNavigationController.swift in Sources */ = {isa = PBXBuildFile; fileRef = 2C050B521FE858E100853E49 /* CentralNavigationController.swift */; };
		2C050B551FE8823100853E49 /* UIViewExtensions.swift in Sources */ = {isa = PBXBuildFile; fileRef = 2C050B541FE8823100853E49 /* UIViewExtensions.swift */; };
		2C050B591FE8875200853E49 /* MenuBarView.swift in Sources */ = {isa = PBXBuildFile; fileRef = 2C050B581FE8875200853E49 /* MenuBarView.swift */; };
		2C050B5D1FEB121700853E49 /* HomeTabBarController.swift in Sources */ = {isa = PBXBuildFile; fileRef = 2C050B5C1FEB121700853E49 /* HomeTabBarController.swift */; };
		70ED9160BFF98A95290346FE /* Pods_TwitterMe.framework in Frameworks */ = {isa = PBXBuildFile; fileRef = DCE3ECA5CC556FB72B277487 /* Pods_TwitterMe.framework */; };
		77E4FB53E0A6507B8848DD8E /* Pods_TwitterMeTests.framework in Frameworks */ = {isa = PBXBuildFile; fileRef = D69F8652BE34972786CAAEB8 /* Pods_TwitterMeTests.framework */; };
/* End PBXBuildFile section */

/* Begin PBXContainerItemProxy section */
		1F5A59091FA8F03D0065A8C5 /* PBXContainerItemProxy */ = {
			isa = PBXContainerItemProxy;
			containerPortal = 1F5A58EC1FA8F03A0065A8C5 /* Project object */;
			proxyType = 1;
			remoteGlobalIDString = 1F5A58F31FA8F03B0065A8C5;
			remoteInfo = TwitterMe;
		};
/* End PBXContainerItemProxy section */

/* Begin PBXFileReference section */
		05254BCF1FB3FC0800E803CD /* Bugs.pdf */ = {isa = PBXFileReference; lastKnownFileType = image.pdf; name = Bugs.pdf; path = ../Bugs.pdf; sourceTree = "<group>"; };
		0542E1C31FB29BE4006DE1EC /* FeedViewTableViewCell.swift */ = {isa = PBXFileReference; fileEncoding = 4; lastKnownFileType = sourcecode.swift; path = FeedViewTableViewCell.swift; sourceTree = "<group>"; };
		0566FBA61FCF7E5D0048AE6A /* TweetDetailViewController.swift */ = {isa = PBXFileReference; fileEncoding = 4; lastKnownFileType = sourcecode.swift; path = TweetDetailViewController.swift; sourceTree = "<group>"; };
		056A62731FC3CC5600A73C2F /* ProfileView.swift */ = {isa = PBXFileReference; fileEncoding = 4; lastKnownFileType = sourcecode.swift; path = ProfileView.swift; sourceTree = "<group>"; };
		0572AEEC1FB54D60007ED4AA /* ProfileViewController.swift */ = {isa = PBXFileReference; fileEncoding = 4; lastKnownFileType = sourcecode.swift; path = ProfileViewController.swift; sourceTree = "<group>"; };
		1F5A58F41FA8F03B0065A8C5 /* TwitterMe.app */ = {isa = PBXFileReference; explicitFileType = wrapper.application; includeInIndex = 0; path = TwitterMe.app; sourceTree = BUILT_PRODUCTS_DIR; };
		1F5A58F71FA8F03B0065A8C5 /* AppDelegate.swift */ = {isa = PBXFileReference; lastKnownFileType = sourcecode.swift; path = AppDelegate.swift; sourceTree = "<group>"; };
		1F5A58FC1FA8F03B0065A8C5 /* Base */ = {isa = PBXFileReference; lastKnownFileType = file.storyboard; name = Base; path = Base.lproj/Main.storyboard; sourceTree = "<group>"; };
		1F5A58FE1FA8F03B0065A8C5 /* Assets.xcassets */ = {isa = PBXFileReference; lastKnownFileType = folder.assetcatalog; path = Assets.xcassets; sourceTree = "<group>"; };
		1F5A59011FA8F03C0065A8C5 /* Base */ = {isa = PBXFileReference; lastKnownFileType = file.storyboard; name = Base; path = Base.lproj/LaunchScreen.storyboard; sourceTree = "<group>"; };
		1F5A59031FA8F03C0065A8C5 /* Info.plist */ = {isa = PBXFileReference; lastKnownFileType = text.plist.xml; path = Info.plist; sourceTree = "<group>"; };
		1F5A59081FA8F03D0065A8C5 /* TwitterMeTests.xctest */ = {isa = PBXFileReference; explicitFileType = wrapper.cfbundle; includeInIndex = 0; path = TwitterMeTests.xctest; sourceTree = BUILT_PRODUCTS_DIR; };
		1F5A590C1FA8F03D0065A8C5 /* TwitterMeTests.swift */ = {isa = PBXFileReference; lastKnownFileType = sourcecode.swift; path = TwitterMeTests.swift; sourceTree = "<group>"; };
		1F5A590E1FA8F03D0065A8C5 /* Info.plist */ = {isa = PBXFileReference; lastKnownFileType = text.plist.xml; path = Info.plist; sourceTree = "<group>"; };
		1F5A591A1FA8F3DD0065A8C5 /* TwitterClient.swift */ = {isa = PBXFileReference; fileEncoding = 4; lastKnownFileType = sourcecode.swift; path = TwitterClient.swift; sourceTree = "<group>"; };
		1F5A591C1FA8F45D0065A8C5 /* Podfile */ = {isa = PBXFileReference; fileEncoding = 4; lastKnownFileType = text; path = Podfile; sourceTree = "<group>"; };
		1F5A591E1FA8F6B10065A8C5 /* LoginViewController.swift */ = {isa = PBXFileReference; fileEncoding = 4; lastKnownFileType = sourcecode.swift; path = LoginViewController.swift; sourceTree = "<group>"; };
		1F5A59221FAA33A30065A8C5 /* User.swift */ = {isa = PBXFileReference; fileEncoding = 4; lastKnownFileType = sourcecode.swift; path = User.swift; sourceTree = "<group>"; };
		1F5A59241FAA33B30065A8C5 /* Tweet.swift */ = {isa = PBXFileReference; fileEncoding = 4; lastKnownFileType = sourcecode.swift; path = Tweet.swift; sourceTree = "<group>"; };
		1FC71B361FB16F2B00D94696 /* FeedViewController.swift */ = {isa = PBXFileReference; fileEncoding = 4; lastKnownFileType = sourcecode.swift; path = FeedViewController.swift; sourceTree = "<group>"; };
		1FE8E5CC1FEE052A00B6432B /* AccountChooserViewController.swift */ = {isa = PBXFileReference; fileEncoding = 4; lastKnownFileType = sourcecode.swift; path = AccountChooserViewController.swift; sourceTree = "<group>"; };
		1FE8E5CE1FEE204200B6432B /* LogoutViewController.swift */ = {isa = PBXFileReference; fileEncoding = 4; lastKnownFileType = sourcecode.swift; path = LogoutViewController.swift; sourceTree = "<group>"; };
		2C0135231FE6F1F0008722D6 /* ComposeTweetViewController.swift */ = {isa = PBXFileReference; lastKnownFileType = sourcecode.swift; path = ComposeTweetViewController.swift; sourceTree = "<group>"; };
		2C01355F1FE82DFB008722D6 /* MenuBarContainerViewController.swift */ = {isa = PBXFileReference; lastKnownFileType = sourcecode.swift; path = MenuBarContainerViewController.swift; sourceTree = "<group>"; };
		2C050B521FE858E100853E49 /* CentralNavigationController.swift */ = {isa = PBXFileReference; fileEncoding = 4; lastKnownFileType = sourcecode.swift; path = CentralNavigationController.swift; sourceTree = "<group>"; };
		2C050B541FE8823100853E49 /* UIViewExtensions.swift */ = {isa = PBXFileReference; lastKnownFileType = sourcecode.swift; path = UIViewExtensions.swift; sourceTree = "<group>"; };
		2C050B581FE8875200853E49 /* MenuBarView.swift */ = {isa = PBXFileReference; fileEncoding = 4; lastKnownFileType = sourcecode.swift; path = MenuBarView.swift; sourceTree = "<group>"; };
		2C050B5C1FEB121700853E49 /* HomeTabBarController.swift */ = {isa = PBXFileReference; lastKnownFileType = sourcecode.swift; path = HomeTabBarController.swift; sourceTree = "<group>"; };
		62A684CEEC05121F3C215A5F /* Pods-TwitterMeTests.release.xcconfig */ = {isa = PBXFileReference; includeInIndex = 1; lastKnownFileType = text.xcconfig; name = "Pods-TwitterMeTests.release.xcconfig"; path = "Pods/Target Support Files/Pods-TwitterMeTests/Pods-TwitterMeTests.release.xcconfig"; sourceTree = "<group>"; };
		86CD151E145461D47B12A8BF /* Pods-TwitterMeTests.debug.xcconfig */ = {isa = PBXFileReference; includeInIndex = 1; lastKnownFileType = text.xcconfig; name = "Pods-TwitterMeTests.debug.xcconfig"; path = "Pods/Target Support Files/Pods-TwitterMeTests/Pods-TwitterMeTests.debug.xcconfig"; sourceTree = "<group>"; };
		D69F8652BE34972786CAAEB8 /* Pods_TwitterMeTests.framework */ = {isa = PBXFileReference; explicitFileType = wrapper.framework; includeInIndex = 0; path = Pods_TwitterMeTests.framework; sourceTree = BUILT_PRODUCTS_DIR; };
		DCE3ECA5CC556FB72B277487 /* Pods_TwitterMe.framework */ = {isa = PBXFileReference; explicitFileType = wrapper.framework; includeInIndex = 0; path = Pods_TwitterMe.framework; sourceTree = BUILT_PRODUCTS_DIR; };
		ED90F6F41C723D02FDA7B8C2 /* Pods-TwitterMe.release.xcconfig */ = {isa = PBXFileReference; includeInIndex = 1; lastKnownFileType = text.xcconfig; name = "Pods-TwitterMe.release.xcconfig"; path = "Pods/Target Support Files/Pods-TwitterMe/Pods-TwitterMe.release.xcconfig"; sourceTree = "<group>"; };
		F51A6F330E245DE42C969203 /* Pods-TwitterMe.debug.xcconfig */ = {isa = PBXFileReference; includeInIndex = 1; lastKnownFileType = text.xcconfig; name = "Pods-TwitterMe.debug.xcconfig"; path = "Pods/Target Support Files/Pods-TwitterMe/Pods-TwitterMe.debug.xcconfig"; sourceTree = "<group>"; };
/* End PBXFileReference section */

/* Begin PBXFrameworksBuildPhase section */
		1F5A58F11FA8F03B0065A8C5 /* Frameworks */ = {
			isa = PBXFrameworksBuildPhase;
			buildActionMask = 2147483647;
			files = (
				70ED9160BFF98A95290346FE /* Pods_TwitterMe.framework in Frameworks */,
			);
			runOnlyForDeploymentPostprocessing = 0;
		};
		1F5A59051FA8F03D0065A8C5 /* Frameworks */ = {
			isa = PBXFrameworksBuildPhase;
			buildActionMask = 2147483647;
			files = (
				77E4FB53E0A6507B8848DD8E /* Pods_TwitterMeTests.framework in Frameworks */,
			);
			runOnlyForDeploymentPostprocessing = 0;
		};
/* End PBXFrameworksBuildPhase section */

/* Begin PBXGroup section */
		05254BCE1FB3EC6000E803CD /* Views */ = {
			isa = PBXGroup;
			children = (
				2C050B581FE8875200853E49 /* MenuBarView.swift */,
				0542E1C31FB29BE4006DE1EC /* FeedViewTableViewCell.swift */,
				056A62731FC3CC5600A73C2F /* ProfileView.swift */,
			);
			name = Views;
			sourceTree = "<group>";
		};
		1BA7FD2B7F1AF0D96CCDF67D /* Frameworks */ = {
			isa = PBXGroup;
			children = (
				DCE3ECA5CC556FB72B277487 /* Pods_TwitterMe.framework */,
				D69F8652BE34972786CAAEB8 /* Pods_TwitterMeTests.framework */,
			);
			name = Frameworks;
			sourceTree = "<group>";
		};
		1F5A58EB1FA8F03A0065A8C5 = {
			isa = PBXGroup;
			children = (
				05254BCF1FB3FC0800E803CD /* Bugs.pdf */,
				1F5A58F61FA8F03B0065A8C5 /* TwitterMe */,
				1F5A590B1FA8F03D0065A8C5 /* TwitterMeTests */,
				1F5A58F51FA8F03B0065A8C5 /* Products */,
				FD84AE32BEF27AD75741540B /* Pods */,
				1BA7FD2B7F1AF0D96CCDF67D /* Frameworks */,
			);
			sourceTree = "<group>";
		};
		1F5A58F51FA8F03B0065A8C5 /* Products */ = {
			isa = PBXGroup;
			children = (
				1F5A58F41FA8F03B0065A8C5 /* TwitterMe.app */,
				1F5A59081FA8F03D0065A8C5 /* TwitterMeTests.xctest */,
			);
			name = Products;
			sourceTree = "<group>";
		};
		1F5A58F61FA8F03B0065A8C5 /* TwitterMe */ = {
			isa = PBXGroup;
			children = (
				05254BCE1FB3EC6000E803CD /* Views */,
				1F5A59211FAA33690065A8C5 /* View Controllers */,
				1F5A59201FAA335F0065A8C5 /* Models */,
				1F5A59171FA8F10A0065A8C5 /* Networking */,
				1F5A58F71FA8F03B0065A8C5 /* AppDelegate.swift */,
				1F5A58FB1FA8F03B0065A8C5 /* Main.storyboard */,
				1F5A58FE1FA8F03B0065A8C5 /* Assets.xcassets */,
				1F5A59001FA8F03C0065A8C5 /* LaunchScreen.storyboard */,
				1F5A59031FA8F03C0065A8C5 /* Info.plist */,
				2C050B541FE8823100853E49 /* UIViewExtensions.swift */,
			);
			path = TwitterMe;
			sourceTree = "<group>";
		};
		1F5A590B1FA8F03D0065A8C5 /* TwitterMeTests */ = {
			isa = PBXGroup;
			children = (
				1F5A590C1FA8F03D0065A8C5 /* TwitterMeTests.swift */,
				1F5A590E1FA8F03D0065A8C5 /* Info.plist */,
			);
			path = TwitterMeTests;
			sourceTree = "<group>";
		};
		1F5A59171FA8F10A0065A8C5 /* Networking */ = {
			isa = PBXGroup;
			children = (
				1F5A591A1FA8F3DD0065A8C5 /* TwitterClient.swift */,
				1F5A591C1FA8F45D0065A8C5 /* Podfile */,
			);
			name = Networking;
			sourceTree = "<group>";
		};
		1F5A59201FAA335F0065A8C5 /* Models */ = {
			isa = PBXGroup;
			children = (
				1F5A59221FAA33A30065A8C5 /* User.swift */,
				1F5A59241FAA33B30065A8C5 /* Tweet.swift */,
			);
			name = Models;
			sourceTree = "<group>";
		};
		1F5A59211FAA33690065A8C5 /* View Controllers */ = {
			isa = PBXGroup;
			children = (
				2C050B521FE858E100853E49 /* CentralNavigationController.swift */,
				0572AEEC1FB54D60007ED4AA /* ProfileViewController.swift */,
				1F5A591E1FA8F6B10065A8C5 /* LoginViewController.swift */,
				1FC71B361FB16F2B00D94696 /* FeedViewController.swift */,
				0566FBA61FCF7E5D0048AE6A /* TweetDetailViewController.swift */,
				2C0135231FE6F1F0008722D6 /* ComposeTweetViewController.swift */,
				2C01355F1FE82DFB008722D6 /* MenuBarContainerViewController.swift */,
				2C050B5C1FEB121700853E49 /* HomeTabBarController.swift */,
				1FE8E5CC1FEE052A00B6432B /* AccountChooserViewController.swift */,
				1FE8E5CE1FEE204200B6432B /* LogoutViewController.swift */,
			);
			name = "View Controllers";
			sourceTree = "<group>";
		};
		FD84AE32BEF27AD75741540B /* Pods */ = {
			isa = PBXGroup;
			children = (
				F51A6F330E245DE42C969203 /* Pods-TwitterMe.debug.xcconfig */,
				ED90F6F41C723D02FDA7B8C2 /* Pods-TwitterMe.release.xcconfig */,
				86CD151E145461D47B12A8BF /* Pods-TwitterMeTests.debug.xcconfig */,
				62A684CEEC05121F3C215A5F /* Pods-TwitterMeTests.release.xcconfig */,
			);
			name = Pods;
			sourceTree = "<group>";
		};
/* End PBXGroup section */

/* Begin PBXNativeTarget section */
		1F5A58F31FA8F03B0065A8C5 /* TwitterMe */ = {
			isa = PBXNativeTarget;
			buildConfigurationList = 1F5A59111FA8F03D0065A8C5 /* Build configuration list for PBXNativeTarget "TwitterMe" */;
			buildPhases = (
				875E6C547DFEEAA3418DAC64 /* [CP] Check Pods Manifest.lock */,
				1F5A58F01FA8F03B0065A8C5 /* Sources */,
				1F5A58F11FA8F03B0065A8C5 /* Frameworks */,
				1F5A58F21FA8F03B0065A8C5 /* Resources */,
				8CB9D453A9BDAE4F0C56D315 /* [CP] Embed Pods Frameworks */,
				B6652EC16A40DE3CB506751E /* [CP] Copy Pods Resources */,
			);
			buildRules = (
			);
			dependencies = (
			);
			name = TwitterMe;
			productName = TwitterMe;
			productReference = 1F5A58F41FA8F03B0065A8C5 /* TwitterMe.app */;
			productType = "com.apple.product-type.application";
		};
		1F5A59071FA8F03D0065A8C5 /* TwitterMeTests */ = {
			isa = PBXNativeTarget;
			buildConfigurationList = 1F5A59141FA8F03D0065A8C5 /* Build configuration list for PBXNativeTarget "TwitterMeTests" */;
			buildPhases = (
				7759DE4EC51D7D1D5539EDB1 /* [CP] Check Pods Manifest.lock */,
				1F5A59041FA8F03D0065A8C5 /* Sources */,
				1F5A59051FA8F03D0065A8C5 /* Frameworks */,
				1F5A59061FA8F03D0065A8C5 /* Resources */,
				EDD9A5C40871FD9EA8FF5CC1 /* [CP] Embed Pods Frameworks */,
				3325E8B0F158DFB8070FCDBB /* [CP] Copy Pods Resources */,
			);
			buildRules = (
			);
			dependencies = (
				1F5A590A1FA8F03D0065A8C5 /* PBXTargetDependency */,
			);
			name = TwitterMeTests;
			productName = TwitterMeTests;
			productReference = 1F5A59081FA8F03D0065A8C5 /* TwitterMeTests.xctest */;
			productType = "com.apple.product-type.bundle.unit-test";
		};
/* End PBXNativeTarget section */

/* Begin PBXProject section */
		1F5A58EC1FA8F03A0065A8C5 /* Project object */ = {
			isa = PBXProject;
			attributes = {
				LastSwiftUpdateCheck = 0820;
				LastUpgradeCheck = 0820;
				ORGANIZATIONNAME = ecproductions;
				TargetAttributes = {
					1F5A58F31FA8F03B0065A8C5 = {
						CreatedOnToolsVersion = 8.2;
						ProvisioningStyle = Automatic;
					};
					1F5A59071FA8F03D0065A8C5 = {
						CreatedOnToolsVersion = 8.2;
						ProvisioningStyle = Automatic;
						TestTargetID = 1F5A58F31FA8F03B0065A8C5;
					};
				};
			};
			buildConfigurationList = 1F5A58EF1FA8F03A0065A8C5 /* Build configuration list for PBXProject "TwitterMe" */;
			compatibilityVersion = "Xcode 3.2";
			developmentRegion = English;
			hasScannedForEncodings = 0;
			knownRegions = (
				en,
				Base,
			);
			mainGroup = 1F5A58EB1FA8F03A0065A8C5;
			productRefGroup = 1F5A58F51FA8F03B0065A8C5 /* Products */;
			projectDirPath = "";
			projectRoot = "";
			targets = (
				1F5A58F31FA8F03B0065A8C5 /* TwitterMe */,
				1F5A59071FA8F03D0065A8C5 /* TwitterMeTests */,
			);
		};
/* End PBXProject section */

/* Begin PBXResourcesBuildPhase section */
		1F5A58F21FA8F03B0065A8C5 /* Resources */ = {
			isa = PBXResourcesBuildPhase;
			buildActionMask = 2147483647;
			files = (
				05254BD01FB3FC0800E803CD /* Bugs.pdf in Resources */,
				1F5A59021FA8F03C0065A8C5 /* LaunchScreen.storyboard in Resources */,
				1F5A58FF1FA8F03B0065A8C5 /* Assets.xcassets in Resources */,
				1F5A591D1FA8F45D0065A8C5 /* Podfile in Resources */,
				1F5A58FD1FA8F03B0065A8C5 /* Main.storyboard in Resources */,
			);
			runOnlyForDeploymentPostprocessing = 0;
		};
		1F5A59061FA8F03D0065A8C5 /* Resources */ = {
			isa = PBXResourcesBuildPhase;
			buildActionMask = 2147483647;
			files = (
			);
			runOnlyForDeploymentPostprocessing = 0;
		};
/* End PBXResourcesBuildPhase section */

/* Begin PBXShellScriptBuildPhase section */
		3325E8B0F158DFB8070FCDBB /* [CP] Copy Pods Resources */ = {
			isa = PBXShellScriptBuildPhase;
			buildActionMask = 2147483647;
			files = (
			);
			inputPaths = (
			);
			name = "[CP] Copy Pods Resources";
			outputPaths = (
			);
			runOnlyForDeploymentPostprocessing = 0;
			shellPath = /bin/sh;
			shellScript = "\"${SRCROOT}/Pods/Target Support Files/Pods-TwitterMeTests/Pods-TwitterMeTests-resources.sh\"\n";
			showEnvVarsInLog = 0;
		};
		7759DE4EC51D7D1D5539EDB1 /* [CP] Check Pods Manifest.lock */ = {
			isa = PBXShellScriptBuildPhase;
			buildActionMask = 2147483647;
			files = (
			);
			inputPaths = (
			);
			name = "[CP] Check Pods Manifest.lock";
			outputPaths = (
			);
			runOnlyForDeploymentPostprocessing = 0;
			shellPath = /bin/sh;
			shellScript = "diff \"${PODS_PODFILE_DIR_PATH}/Podfile.lock\" \"${PODS_ROOT}/Manifest.lock\" > /dev/null\nif [ $? != 0 ] ; then\n    # print error to STDERR\n    echo \"error: The sandbox is not in sync with the Podfile.lock. Run 'pod install' or update your CocoaPods installation.\" >&2\n    exit 1\nfi\n";
			showEnvVarsInLog = 0;
		};
		875E6C547DFEEAA3418DAC64 /* [CP] Check Pods Manifest.lock */ = {
			isa = PBXShellScriptBuildPhase;
			buildActionMask = 2147483647;
			files = (
			);
			inputPaths = (
			);
			name = "[CP] Check Pods Manifest.lock";
			outputPaths = (
			);
			runOnlyForDeploymentPostprocessing = 0;
			shellPath = /bin/sh;
			shellScript = "diff \"${PODS_PODFILE_DIR_PATH}/Podfile.lock\" \"${PODS_ROOT}/Manifest.lock\" > /dev/null\nif [ $? != 0 ] ; then\n    # print error to STDERR\n    echo \"error: The sandbox is not in sync with the Podfile.lock. Run 'pod install' or update your CocoaPods installation.\" >&2\n    exit 1\nfi\n";
			showEnvVarsInLog = 0;
		};
		8CB9D453A9BDAE4F0C56D315 /* [CP] Embed Pods Frameworks */ = {
			isa = PBXShellScriptBuildPhase;
			buildActionMask = 2147483647;
			files = (
			);
			inputPaths = (
			);
			name = "[CP] Embed Pods Frameworks";
			outputPaths = (
			);
			runOnlyForDeploymentPostprocessing = 0;
			shellPath = /bin/sh;
			shellScript = "\"${SRCROOT}/Pods/Target Support Files/Pods-TwitterMe/Pods-TwitterMe-frameworks.sh\"\n";
			showEnvVarsInLog = 0;
		};
		B6652EC16A40DE3CB506751E /* [CP] Copy Pods Resources */ = {
			isa = PBXShellScriptBuildPhase;
			buildActionMask = 2147483647;
			files = (
			);
			inputPaths = (
			);
			name = "[CP] Copy Pods Resources";
			outputPaths = (
			);
			runOnlyForDeploymentPostprocessing = 0;
			shellPath = /bin/sh;
			shellScript = "\"${SRCROOT}/Pods/Target Support Files/Pods-TwitterMe/Pods-TwitterMe-resources.sh\"\n";
			showEnvVarsInLog = 0;
		};
		EDD9A5C40871FD9EA8FF5CC1 /* [CP] Embed Pods Frameworks */ = {
			isa = PBXShellScriptBuildPhase;
			buildActionMask = 2147483647;
			files = (
			);
			inputPaths = (
			);
			name = "[CP] Embed Pods Frameworks";
			outputPaths = (
			);
			runOnlyForDeploymentPostprocessing = 0;
			shellPath = /bin/sh;
			shellScript = "\"${SRCROOT}/Pods/Target Support Files/Pods-TwitterMeTests/Pods-TwitterMeTests-frameworks.sh\"\n";
			showEnvVarsInLog = 0;
		};
/* End PBXShellScriptBuildPhase section */

/* Begin PBXSourcesBuildPhase section */
		1F5A58F01FA8F03B0065A8C5 /* Sources */ = {
			isa = PBXSourcesBuildPhase;
			buildActionMask = 2147483647;
			files = (
				1F5A591F1FA8F6B10065A8C5 /* LoginViewController.swift in Sources */,
				1FE8E5CD1FEE052A00B6432B /* AccountChooserViewController.swift in Sources */,
				056A62741FC3CC5600A73C2F /* ProfileView.swift in Sources */,
				0542E1C41FB29BE4006DE1EC /* FeedViewTableViewCell.swift in Sources */,
				2C0135601FE82DFB008722D6 /* MenuBarContainerViewController.swift in Sources */,
				1F5A591B1FA8F3DD0065A8C5 /* TwitterClient.swift in Sources */,
				1F5A59251FAA33B30065A8C5 /* Tweet.swift in Sources */,
				1F5A59231FAA33A30065A8C5 /* User.swift in Sources */,
				1FC71B371FB16F2B00D94696 /* FeedViewController.swift in Sources */,
				2C050B551FE8823100853E49 /* UIViewExtensions.swift in Sources */,
				2C050B591FE8875200853E49 /* MenuBarView.swift in Sources */,
				0572AEED1FB54D60007ED4AA /* ProfileViewController.swift in Sources */,
				2C050B531FE858E100853E49 /* CentralNavigationController.swift in Sources */,
				1F5A58F81FA8F03B0065A8C5 /* AppDelegate.swift in Sources */,
				2C0135241FE6F1F0008722D6 /* ComposeTweetViewController.swift in Sources */,
				2C050B5D1FEB121700853E49 /* HomeTabBarController.swift in Sources */,
				1FE8E5CF1FEE204200B6432B /* LogoutViewController.swift in Sources */,
				0566FBA71FCF7E5D0048AE6A /* TweetDetailViewController.swift in Sources */,
			);
			runOnlyForDeploymentPostprocessing = 0;
		};
		1F5A59041FA8F03D0065A8C5 /* Sources */ = {
			isa = PBXSourcesBuildPhase;
			buildActionMask = 2147483647;
			files = (
				1F5A590D1FA8F03D0065A8C5 /* TwitterMeTests.swift in Sources */,
			);
			runOnlyForDeploymentPostprocessing = 0;
		};
/* End PBXSourcesBuildPhase section */

/* Begin PBXTargetDependency section */
		1F5A590A1FA8F03D0065A8C5 /* PBXTargetDependency */ = {
			isa = PBXTargetDependency;
			target = 1F5A58F31FA8F03B0065A8C5 /* TwitterMe */;
			targetProxy = 1F5A59091FA8F03D0065A8C5 /* PBXContainerItemProxy */;
		};
/* End PBXTargetDependency section */

/* Begin PBXVariantGroup section */
		1F5A58FB1FA8F03B0065A8C5 /* Main.storyboard */ = {
			isa = PBXVariantGroup;
			children = (
				1F5A58FC1FA8F03B0065A8C5 /* Base */,
			);
			name = Main.storyboard;
			sourceTree = "<group>";
		};
		1F5A59001FA8F03C0065A8C5 /* LaunchScreen.storyboard */ = {
			isa = PBXVariantGroup;
			children = (
				1F5A59011FA8F03C0065A8C5 /* Base */,
			);
			name = LaunchScreen.storyboard;
			sourceTree = "<group>";
		};
/* End PBXVariantGroup section */

/* Begin XCBuildConfiguration section */
		1F5A590F1FA8F03D0065A8C5 /* Debug */ = {
			isa = XCBuildConfiguration;
			buildSettings = {
				ALWAYS_SEARCH_USER_PATHS = NO;
				CLANG_ANALYZER_NONNULL = YES;
				CLANG_CXX_LANGUAGE_STANDARD = "gnu++0x";
				CLANG_CXX_LIBRARY = "libc++";
				CLANG_ENABLE_MODULES = YES;
				CLANG_ENABLE_OBJC_ARC = YES;
				CLANG_WARN_BOOL_CONVERSION = YES;
				CLANG_WARN_CONSTANT_CONVERSION = YES;
				CLANG_WARN_DIRECT_OBJC_ISA_USAGE = YES_ERROR;
				CLANG_WARN_DOCUMENTATION_COMMENTS = YES;
				CLANG_WARN_EMPTY_BODY = YES;
				CLANG_WARN_ENUM_CONVERSION = YES;
				CLANG_WARN_INFINITE_RECURSION = YES;
				CLANG_WARN_INT_CONVERSION = YES;
				CLANG_WARN_OBJC_ROOT_CLASS = YES_ERROR;
				CLANG_WARN_SUSPICIOUS_MOVE = YES;
				CLANG_WARN_UNREACHABLE_CODE = YES;
				CLANG_WARN__DUPLICATE_METHOD_MATCH = YES;
				"CODE_SIGN_IDENTITY[sdk=iphoneos*]" = "iPhone Developer";
				COPY_PHASE_STRIP = NO;
				DEBUG_INFORMATION_FORMAT = dwarf;
				ENABLE_STRICT_OBJC_MSGSEND = YES;
				ENABLE_TESTABILITY = YES;
				GCC_C_LANGUAGE_STANDARD = gnu99;
				GCC_DYNAMIC_NO_PIC = NO;
				GCC_NO_COMMON_BLOCKS = YES;
				GCC_OPTIMIZATION_LEVEL = 0;
				GCC_PREPROCESSOR_DEFINITIONS = (
					"DEBUG=1",
					"$(inherited)",
				);
				GCC_WARN_64_TO_32_BIT_CONVERSION = YES;
				GCC_WARN_ABOUT_RETURN_TYPE = YES_ERROR;
				GCC_WARN_UNDECLARED_SELECTOR = YES;
				GCC_WARN_UNINITIALIZED_AUTOS = YES_AGGRESSIVE;
				GCC_WARN_UNUSED_FUNCTION = YES;
				GCC_WARN_UNUSED_VARIABLE = YES;
				IPHONEOS_DEPLOYMENT_TARGET = 10.2;
				MTL_ENABLE_DEBUG_INFO = YES;
				ONLY_ACTIVE_ARCH = YES;
				SDKROOT = iphoneos;
				SWIFT_ACTIVE_COMPILATION_CONDITIONS = DEBUG;
				SWIFT_OPTIMIZATION_LEVEL = "-Onone";
			};
			name = Debug;
		};
		1F5A59101FA8F03D0065A8C5 /* Release */ = {
			isa = XCBuildConfiguration;
			buildSettings = {
				ALWAYS_SEARCH_USER_PATHS = NO;
				CLANG_ANALYZER_NONNULL = YES;
				CLANG_CXX_LANGUAGE_STANDARD = "gnu++0x";
				CLANG_CXX_LIBRARY = "libc++";
				CLANG_ENABLE_MODULES = YES;
				CLANG_ENABLE_OBJC_ARC = YES;
				CLANG_WARN_BOOL_CONVERSION = YES;
				CLANG_WARN_CONSTANT_CONVERSION = YES;
				CLANG_WARN_DIRECT_OBJC_ISA_USAGE = YES_ERROR;
				CLANG_WARN_DOCUMENTATION_COMMENTS = YES;
				CLANG_WARN_EMPTY_BODY = YES;
				CLANG_WARN_ENUM_CONVERSION = YES;
				CLANG_WARN_INFINITE_RECURSION = YES;
				CLANG_WARN_INT_CONVERSION = YES;
				CLANG_WARN_OBJC_ROOT_CLASS = YES_ERROR;
				CLANG_WARN_SUSPICIOUS_MOVE = YES;
				CLANG_WARN_UNREACHABLE_CODE = YES;
				CLANG_WARN__DUPLICATE_METHOD_MATCH = YES;
				"CODE_SIGN_IDENTITY[sdk=iphoneos*]" = "iPhone Developer";
				COPY_PHASE_STRIP = NO;
				DEBUG_INFORMATION_FORMAT = "dwarf-with-dsym";
				ENABLE_NS_ASSERTIONS = NO;
				ENABLE_STRICT_OBJC_MSGSEND = YES;
				GCC_C_LANGUAGE_STANDARD = gnu99;
				GCC_NO_COMMON_BLOCKS = YES;
				GCC_WARN_64_TO_32_BIT_CONVERSION = YES;
				GCC_WARN_ABOUT_RETURN_TYPE = YES_ERROR;
				GCC_WARN_UNDECLARED_SELECTOR = YES;
				GCC_WARN_UNINITIALIZED_AUTOS = YES_AGGRESSIVE;
				GCC_WARN_UNUSED_FUNCTION = YES;
				GCC_WARN_UNUSED_VARIABLE = YES;
				IPHONEOS_DEPLOYMENT_TARGET = 10.2;
				MTL_ENABLE_DEBUG_INFO = NO;
				SDKROOT = iphoneos;
				SWIFT_OPTIMIZATION_LEVEL = "-Owholemodule";
				VALIDATE_PRODUCT = YES;
			};
			name = Release;
		};
		1F5A59121FA8F03D0065A8C5 /* Debug */ = {
			isa = XCBuildConfiguration;
			baseConfigurationReference = F51A6F330E245DE42C969203 /* Pods-TwitterMe.debug.xcconfig */;
			buildSettings = {
				ASSETCATALOG_COMPILER_APPICON_NAME = AppIcon;
				INFOPLIST_FILE = TwitterMe/Info.plist;
				LD_RUNPATH_SEARCH_PATHS = "$(inherited) @executable_path/Frameworks";
				PRODUCT_BUNDLE_IDENTIFIER = com.ecproductions.TwitterMe;
				PRODUCT_NAME = "$(TARGET_NAME)";
				SWIFT_VERSION = 3.0;
			};
			name = Debug;
		};
		1F5A59131FA8F03D0065A8C5 /* Release */ = {
			isa = XCBuildConfiguration;
			baseConfigurationReference = ED90F6F41C723D02FDA7B8C2 /* Pods-TwitterMe.release.xcconfig */;
			buildSettings = {
				ASSETCATALOG_COMPILER_APPICON_NAME = AppIcon;
				INFOPLIST_FILE = TwitterMe/Info.plist;
				LD_RUNPATH_SEARCH_PATHS = "$(inherited) @executable_path/Frameworks";
				PRODUCT_BUNDLE_IDENTIFIER = com.ecproductions.TwitterMe;
				PRODUCT_NAME = "$(TARGET_NAME)";
				SWIFT_VERSION = 3.0;
			};
			name = Release;
		};
		1F5A59151FA8F03D0065A8C5 /* Debug */ = {
			isa = XCBuildConfiguration;
			baseConfigurationReference = 86CD151E145461D47B12A8BF /* Pods-TwitterMeTests.debug.xcconfig */;
			buildSettings = {
				ALWAYS_EMBED_SWIFT_STANDARD_LIBRARIES = YES;
				BUNDLE_LOADER = "$(TEST_HOST)";
				INFOPLIST_FILE = TwitterMeTests/Info.plist;
				LD_RUNPATH_SEARCH_PATHS = "$(inherited) @executable_path/Frameworks @loader_path/Frameworks";
				PRODUCT_BUNDLE_IDENTIFIER = com.ecproductions.TwitterMeTests;
				PRODUCT_NAME = "$(TARGET_NAME)";
				SWIFT_VERSION = 3.0;
				TEST_HOST = "$(BUILT_PRODUCTS_DIR)/TwitterMe.app/TwitterMe";
			};
			name = Debug;
		};
		1F5A59161FA8F03D0065A8C5 /* Release */ = {
			isa = XCBuildConfiguration;
			baseConfigurationReference = 62A684CEEC05121F3C215A5F /* Pods-TwitterMeTests.release.xcconfig */;
			buildSettings = {
				ALWAYS_EMBED_SWIFT_STANDARD_LIBRARIES = YES;
				BUNDLE_LOADER = "$(TEST_HOST)";
				INFOPLIST_FILE = TwitterMeTests/Info.plist;
				LD_RUNPATH_SEARCH_PATHS = "$(inherited) @executable_path/Frameworks @loader_path/Frameworks";
				PRODUCT_BUNDLE_IDENTIFIER = com.ecproductions.TwitterMeTests;
				PRODUCT_NAME = "$(TARGET_NAME)";
				SWIFT_VERSION = 3.0;
				TEST_HOST = "$(BUILT_PRODUCTS_DIR)/TwitterMe.app/TwitterMe";
			};
			name = Release;
		};
/* End XCBuildConfiguration section */

/* Begin XCConfigurationList section */
		1F5A58EF1FA8F03A0065A8C5 /* Build configuration list for PBXProject "TwitterMe" */ = {
			isa = XCConfigurationList;
			buildConfigurations = (
				1F5A590F1FA8F03D0065A8C5 /* Debug */,
				1F5A59101FA8F03D0065A8C5 /* Release */,
			);
			defaultConfigurationIsVisible = 0;
			defaultConfigurationName = Release;
		};
		1F5A59111FA8F03D0065A8C5 /* Build configuration list for PBXNativeTarget "TwitterMe" */ = {
			isa = XCConfigurationList;
			buildConfigurations = (
				1F5A59121FA8F03D0065A8C5 /* Debug */,
				1F5A59131FA8F03D0065A8C5 /* Release */,
			);
			defaultConfigurationIsVisible = 0;
			defaultConfigurationName = Release;
		};
		1F5A59141FA8F03D0065A8C5 /* Build configuration list for PBXNativeTarget "TwitterMeTests" */ = {
			isa = XCConfigurationList;
			buildConfigurations = (
				1F5A59151FA8F03D0065A8C5 /* Debug */,
				1F5A59161FA8F03D0065A8C5 /* Release */,
			);
			defaultConfigurationIsVisible = 0;
			defaultConfigurationName = Release;
		};
/* End XCConfigurationList section */
	};
	rootObject = 1F5A58EC1FA8F03A0065A8C5 /* Project object */;
}
